version = 1
revision = 2
requires-python = ">=3.10"

[[package]]
name = "cmake"
version = "4.0.3"
source = { registry = "https://pypi.org/simple" }
sdist = { url = "https://files.pythonhosted.org/packages/25/3f/30c0f44ec5d727f547c35510ae479053abf56bed24b08f3e128f93d09905/cmake-4.0.3.tar.gz", hash = "sha256:215732f09ea8a7088fe1ab46bbd61669437217278d709fd3851bf8211e8c59e3", size = 34504, upload-time = "2025-06-13T15:34:11.68Z" }
wheels = [
    { url = "https://files.pythonhosted.org/packages/c3/d2/5579b66d4421ab11dd00f32f4184be383a74e28ad0685a6604e0e7a8fd29/cmake-4.0.3-py3-none-macosx_10_10_universal2.whl", hash = "sha256:f2adfb459747025f40f9d3bdd1f3a485d43e866c0c4eb66373d1fcd666b13e4a", size = 48740112, upload-time = "2025-06-13T15:33:08.513Z" },
    { url = "https://files.pythonhosted.org/packages/67/4d/410c3ebb4a46a236cbc0e3202f5507483ce24c96c1d4a73445675f11b402/cmake-4.0.3-py3-none-manylinux_2_12_i686.manylinux2010_i686.whl", hash = "sha256:04c40c92fdcaa96c66a5731b5b3fbbdf87da99cc68fdd30ff30b90c34d222986", size = 27740648, upload-time = "2025-06-13T15:33:12.877Z" },
    { url = "https://files.pythonhosted.org/packages/77/a7/f845c1e129ad37059612e5d66ffe3dac824fdfd7dec58918a802f38650ff/cmake-4.0.3-py3-none-manylinux_2_12_x86_64.manylinux2010_x86_64.whl", hash = "sha256:d41b83d061bcc375a7a5f2942ba523a7563368d296d91260f9d8a53a10f5e5e5", size = 26983727, upload-time = "2025-06-13T15:33:16.394Z" },
    { url = "https://files.pythonhosted.org/packages/45/ee/750dae28fa12493052c44f744affbfeff0f35a526b4346bd86050e9903e5/cmake-4.0.3-py3-none-manylinux_2_17_aarch64.manylinux2014_aarch64.whl", hash = "sha256:434f84fdf1e21578974876b8414dc47afeaea62027d9adc37a943a6bb08eb053", size = 27256957, upload-time = "2025-06-13T15:33:19.658Z" },
    { url = "https://files.pythonhosted.org/packages/23/1e/05b08c18145cd8e5ad3f506bfa21fe5277c00faf9052b3fb9bf6d279df42/cmake-4.0.3-py3-none-manylinux_2_17_i686.manylinux2014_i686.whl", hash = "sha256:beec48371a4b906fe398758ded5df57fc16e9bb14fd34244d9d66ee35862fb9f", size = 29020848, upload-time = "2025-06-13T15:33:23.161Z" },
    { url = "https://files.pythonhosted.org/packages/db/b5/578e5b50cb848775aee4e04ceecef3c6595c30fb5fe0642a14eaafa02597/cmake-4.0.3-py3-none-manylinux_2_17_ppc64le.manylinux2014_ppc64le.whl", hash = "sha256:47dc28bee6cfb4de00c7cf7e87d565b5c86eb4088da81b60a49e214fcdd4ffda", size = 30872393, upload-time = "2025-06-13T15:33:26.316Z" },
    { url = "https://files.pythonhosted.org/packages/42/7d/e4cdb9903b971dbbab1127e96bab86d3d77cedbb637f47a8e44ec02c3672/cmake-4.0.3-py3-none-manylinux_2_17_s390x.manylinux2014_s390x.whl", hash = "sha256:e10fdc972b3211915b65cc89e8cd24e1a26c9bd684ee71c3f369fb488f2c4388", size = 27028264, upload-time = "2025-06-13T15:33:29.619Z" },
    { url = "https://files.pythonhosted.org/packages/60/cb/1e4d8baab7c946f809d6c59914428c10acaf39d9f4b52e1dffff834a9f0a/cmake-4.0.3-py3-none-manylinux_2_17_x86_64.manylinux2014_x86_64.whl", hash = "sha256:d840e780c48c5df1330879d50615176896e8e6eee554507d21ce8e2f1a5f0ff8", size = 27912444, upload-time = "2025-06-13T15:33:33.296Z" },
    { url = "https://files.pythonhosted.org/packages/cb/3a/ff653130b91d73c172205ac10ad71c62a1474bd85ae110eec085e04aec08/cmake-4.0.3-py3-none-manylinux_2_31_armv7l.whl", hash = "sha256:6ef63bbabcbe3b89c1d80547913b6caceaad57987a27e7afc79ebc88ecd829e4", size = 25156436, upload-time = "2025-06-13T15:33:36.316Z" },
    { url = "https://files.pythonhosted.org/packages/7a/6f/514ba65cf1e2d0a80a97c3c4a2ae3805bf8cb3286de41b864b03b44ca47a/cmake-4.0.3-py3-none-musllinux_1_1_aarch64.whl", hash = "sha256:67103f2bcce8f57b8705ba8e353f18fdc3684a346eee97dc5f94d11575a424c6", size = 28026300, upload-time = "2025-06-13T15:33:39.497Z" },
    { url = "https://files.pythonhosted.org/packages/83/b9/49f847fa09b48110cc0f38b72720f979912ac69742de784998b2e36fda18/cmake-4.0.3-py3-none-musllinux_1_1_i686.whl", hash = "sha256:880a1e1ae26d440d7e4f604fecbf839728ca7b096c870f2e7359855cc4828532", size = 31557948, upload-time = "2025-06-13T15:33:43.099Z" },
    { url = "https://files.pythonhosted.org/packages/c0/d8/bbd8eb74bb6c972572293f043a5cd5a56ec9791f8c46ccfbcf53a84aa556/cmake-4.0.3-py3-none-musllinux_1_1_ppc64le.whl", hash = "sha256:c403b660bbff1fd4d7f1c5d9e015ea27566e49ca9461e260c9758f2fd4e5e813", size = 32281822, upload-time = "2025-06-13T15:33:46.544Z" },
    { url = "https://files.pythonhosted.org/packages/df/a4/aebacccbcab31a1896190d57ac3ad9fdeded18f6ce7634b24958c6de8090/cmake-4.0.3-py3-none-musllinux_1_1_s390x.whl", hash = "sha256:2a66ecdd4c3238484cb0c377d689c086a9b8b533e25329f73d21bd1c38f1ae86", size = 28104040, upload-time = "2025-06-13T15:33:49.687Z" },
    { url = "https://files.pythonhosted.org/packages/a2/b3/42cd72162e7b466863ca4c033fb30ef51109b4eaef9686aa81b86f5afd8b/cmake-4.0.3-py3-none-musllinux_1_1_x86_64.whl", hash = "sha256:004e58b1a1a384c2ca799c9c41ac4ed86ac3b80129462992c43c1121f8729ffd", size = 29638511, upload-time = "2025-06-13T15:33:53.063Z" },
    { url = "https://files.pythonhosted.org/packages/d4/4d/d81d27a0d86bf2e24e4574f672b17230db676be2dd878d747439f1f4abfa/cmake-4.0.3-py3-none-musllinux_1_2_armv7l.whl", hash = "sha256:133dbc33f995cb97a4456d83d67fa0a7a798f53f979454359140588baa928f43", size = 33324625, upload-time = "2025-06-13T15:33:57.463Z" },
    { url = "https://files.pythonhosted.org/packages/5d/eb/c7736686066bbaacd06b69228a8cd3cbdac279a069658e4a646b3dee4a9c/cmake-4.0.3-py3-none-win32.whl", hash = "sha256:3e07bdd14e69ea67d1e67a4f5225ac2fd91ee9e349c440143cdddd7368be1f46", size = 33683662, upload-time = "2025-06-13T15:34:01.075Z" },
    { url = "https://files.pythonhosted.org/packages/a6/03/70e3bfff49ee89b3e4a137b5504ad003b0cae8dbc291cb753228f55b4b9f/cmake-4.0.3-py3-none-win_amd64.whl", hash = "sha256:9a349ff2b4a7c63c896061676bc0f4e6994f373d54314d79ba3608ee7fa75442", size = 36911867, upload-time = "2025-06-13T15:34:04.774Z" },
    { url = "https://files.pythonhosted.org/packages/50/ce/9cfee241950e700a3ac67a0dbbd26da24c7e252bd48c5af129586a4caadd/cmake-4.0.3-py3-none-win_arm64.whl", hash = "sha256:94a52e67b264a51089907c9e74ca5a9e2f3e65c57c457e0f40f02629a0de74d8", size = 35706970, upload-time = "2025-06-13T15:34:08.703Z" },
]

[[package]]
name = "numpy"
version = "2.1.3"
source = { registry = "https://pypi.org/simple" }
sdist = { url = "https://files.pythonhosted.org/packages/25/ca/1166b75c21abd1da445b97bf1fa2f14f423c6cfb4fc7c4ef31dccf9f6a94/numpy-2.1.3.tar.gz", hash = "sha256:aa08e04e08aaf974d4458def539dece0d28146d866a39da5639596f4921fd761", size = 20166090, upload-time = "2024-11-02T17:48:55.832Z" }
wheels = [
    { url = "https://files.pythonhosted.org/packages/f1/80/d572a4737626372915bca41c3afbfec9d173561a39a0a61bacbbfd1dafd4/numpy-2.1.3-cp310-cp310-macosx_10_9_x86_64.whl", hash = "sha256:c894b4305373b9c5576d7a12b473702afdf48ce5369c074ba304cc5ad8730dff", size = 21152472, upload-time = "2024-11-02T17:30:37.354Z" },
    { url = "https://files.pythonhosted.org/packages/6f/bb/7bfba10c791ae3bb6716da77ad85a82d5fac07fc96fb0023ef0571df9d20/numpy-2.1.3-cp310-cp310-macosx_11_0_arm64.whl", hash = "sha256:b47fbb433d3260adcd51eb54f92a2ffbc90a4595f8970ee00e064c644ac788f5", size = 13747967, upload-time = "2024-11-02T17:30:59.602Z" },
    { url = "https://files.pythonhosted.org/packages/da/d6/2df7bde35f0478455f0be5934877b3e5a505f587b00230f54a519a6b55a5/numpy-2.1.3-cp310-cp310-macosx_14_0_arm64.whl", hash = "sha256:825656d0743699c529c5943554d223c021ff0494ff1442152ce887ef4f7561a1", size = 5354921, upload-time = "2024-11-02T17:31:09.428Z" },
    { url = "https://files.pythonhosted.org/packages/d1/bb/75b945874f931494891eac6ca06a1764d0e8208791f3addadb2963b83527/numpy-2.1.3-cp310-cp310-macosx_14_0_x86_64.whl", hash = "sha256:6a4825252fcc430a182ac4dee5a505053d262c807f8a924603d411f6718b88fd", size = 6888603, upload-time = "2024-11-02T17:31:20.835Z" },
    { url = "https://files.pythonhosted.org/packages/68/a7/fde73636f6498dbfa6d82fc336164635fe592f1ad0d13285fcb6267fdc1c/numpy-2.1.3-cp310-cp310-manylinux_2_17_aarch64.manylinux2014_aarch64.whl", hash = "sha256:e711e02f49e176a01d0349d82cb5f05ba4db7d5e7e0defd026328e5cfb3226d3", size = 13889862, upload-time = "2024-11-02T17:31:41.486Z" },
    { url = "https://files.pythonhosted.org/packages/05/db/5d9c91b2e1e2e72be1369278f696356d44975befcae830daf2e667dcb54f/numpy-2.1.3-cp310-cp310-manylinux_2_17_x86_64.manylinux2014_x86_64.whl", hash = "sha256:78574ac2d1a4a02421f25da9559850d59457bac82f2b8d7a44fe83a64f770098", size = 16328151, upload-time = "2024-11-02T17:32:08.262Z" },
    { url = "https://files.pythonhosted.org/packages/3e/6a/7eb732109b53ae64a29e25d7e68eb9d6611037f6354875497008a49e74d3/numpy-2.1.3-cp310-cp310-musllinux_1_1_x86_64.whl", hash = "sha256:c7662f0e3673fe4e832fe07b65c50342ea27d989f92c80355658c7f888fcc83c", size = 16704107, upload-time = "2024-11-02T17:32:34.361Z" },
    { url = "https://files.pythonhosted.org/packages/88/cc/278113b66a1141053cbda6f80e4200c6da06b3079c2d27bda1fde41f2c1f/numpy-2.1.3-cp310-cp310-musllinux_1_2_aarch64.whl", hash = "sha256:fa2d1337dc61c8dc417fbccf20f6d1e139896a30721b7f1e832b2bb6ef4eb6c4", size = 14385789, upload-time = "2024-11-02T17:32:57.152Z" },
    { url = "https://files.pythonhosted.org/packages/f5/69/eb20f5e1bfa07449bc67574d2f0f7c1e6b335fb41672e43861a7727d85f2/numpy-2.1.3-cp310-cp310-win32.whl", hash = "sha256:72dcc4a35a8515d83e76b58fdf8113a5c969ccd505c8a946759b24e3182d1f23", size = 6536706, upload-time = "2024-11-02T17:33:09.12Z" },
    { url = "https://files.pythonhosted.org/packages/8e/8b/1c131ab5a94c1086c289c6e1da1d843de9dbd95fe5f5ee6e61904c9518e2/numpy-2.1.3-cp310-cp310-win_amd64.whl", hash = "sha256:ecc76a9ba2911d8d37ac01de72834d8849e55473457558e12995f4cd53e778e0", size = 12864165, upload-time = "2024-11-02T17:33:28.974Z" },
    { url = "https://files.pythonhosted.org/packages/ad/81/c8167192eba5247593cd9d305ac236847c2912ff39e11402e72ae28a4985/numpy-2.1.3-cp311-cp311-macosx_10_9_x86_64.whl", hash = "sha256:4d1167c53b93f1f5d8a139a742b3c6f4d429b54e74e6b57d0eff40045187b15d", size = 21156252, upload-time = "2024-11-02T17:34:01.372Z" },
    { url = "https://files.pythonhosted.org/packages/da/74/5a60003fc3d8a718d830b08b654d0eea2d2db0806bab8f3c2aca7e18e010/numpy-2.1.3-cp311-cp311-macosx_11_0_arm64.whl", hash = "sha256:c80e4a09b3d95b4e1cac08643f1152fa71a0a821a2d4277334c88d54b2219a41", size = 13784119, upload-time = "2024-11-02T17:34:23.809Z" },
    { url = "https://files.pythonhosted.org/packages/47/7c/864cb966b96fce5e63fcf25e1e4d957fe5725a635e5f11fe03f39dd9d6b5/numpy-2.1.3-cp311-cp311-macosx_14_0_arm64.whl", hash = "sha256:576a1c1d25e9e02ed7fa5477f30a127fe56debd53b8d2c89d5578f9857d03ca9", size = 5352978, upload-time = "2024-11-02T17:34:34.001Z" },
    { url = "https://files.pythonhosted.org/packages/09/ac/61d07930a4993dd9691a6432de16d93bbe6aa4b1c12a5e573d468eefc1ca/numpy-2.1.3-cp311-cp311-macosx_14_0_x86_64.whl", hash = "sha256:973faafebaae4c0aaa1a1ca1ce02434554d67e628b8d805e61f874b84e136b09", size = 6892570, upload-time = "2024-11-02T17:34:45.401Z" },
    { url = "https://files.pythonhosted.org/packages/27/2f/21b94664f23af2bb52030653697c685022119e0dc93d6097c3cb45bce5f9/numpy-2.1.3-cp311-cp311-manylinux_2_17_aarch64.manylinux2014_aarch64.whl", hash = "sha256:762479be47a4863e261a840e8e01608d124ee1361e48b96916f38b119cfda04a", size = 13896715, upload-time = "2024-11-02T17:35:06.564Z" },
    { url = "https://files.pythonhosted.org/packages/7a/f0/80811e836484262b236c684a75dfc4ba0424bc670e765afaa911468d9f39/numpy-2.1.3-cp311-cp311-manylinux_2_17_x86_64.manylinux2014_x86_64.whl", hash = "sha256:bc6f24b3d1ecc1eebfbf5d6051faa49af40b03be1aaa781ebdadcbc090b4539b", size = 16339644, upload-time = "2024-11-02T17:35:30.888Z" },
    { url = "https://files.pythonhosted.org/packages/fa/81/ce213159a1ed8eb7d88a2a6ef4fbdb9e4ffd0c76b866c350eb4e3c37e640/numpy-2.1.3-cp311-cp311-musllinux_1_1_x86_64.whl", hash = "sha256:17ee83a1f4fef3c94d16dc1802b998668b5419362c8a4f4e8a491de1b41cc3ee", size = 16712217, upload-time = "2024-11-02T17:35:56.703Z" },
    { url = "https://files.pythonhosted.org/packages/7d/84/4de0b87d5a72f45556b2a8ee9fc8801e8518ec867fc68260c1f5dcb3903f/numpy-2.1.3-cp311-cp311-musllinux_1_2_aarch64.whl", hash = "sha256:15cb89f39fa6d0bdfb600ea24b250e5f1a3df23f901f51c8debaa6a5d122b2f0", size = 14399053, upload-time = "2024-11-02T17:36:22.3Z" },
    { url = "https://files.pythonhosted.org/packages/7e/1c/e5fabb9ad849f9d798b44458fd12a318d27592d4bc1448e269dec070ff04/numpy-2.1.3-cp311-cp311-win32.whl", hash = "sha256:d9beb777a78c331580705326d2367488d5bc473b49a9bc3036c154832520aca9", size = 6534741, upload-time = "2024-11-02T17:36:33.552Z" },
    { url = "https://files.pythonhosted.org/packages/1e/48/a9a4b538e28f854bfb62e1dea3c8fea12e90216a276c7777ae5345ff29a7/numpy-2.1.3-cp311-cp311-win_amd64.whl", hash = "sha256:d89dd2b6da69c4fff5e39c28a382199ddedc3a5be5390115608345dec660b9e2", size = 12869487, upload-time = "2024-11-02T17:36:52.909Z" },
    { url = "https://files.pythonhosted.org/packages/8a/f0/385eb9970309643cbca4fc6eebc8bb16e560de129c91258dfaa18498da8b/numpy-2.1.3-cp312-cp312-macosx_10_13_x86_64.whl", hash = "sha256:f55ba01150f52b1027829b50d70ef1dafd9821ea82905b63936668403c3b471e", size = 20849658, upload-time = "2024-11-02T17:37:23.919Z" },
    { url = "https://files.pythonhosted.org/packages/54/4a/765b4607f0fecbb239638d610d04ec0a0ded9b4951c56dc68cef79026abf/numpy-2.1.3-cp312-cp312-macosx_11_0_arm64.whl", hash = "sha256:13138eadd4f4da03074851a698ffa7e405f41a0845a6b1ad135b81596e4e9958", size = 13492258, upload-time = "2024-11-02T17:37:45.252Z" },
    { url = "https://files.pythonhosted.org/packages/bd/a7/2332679479c70b68dccbf4a8eb9c9b5ee383164b161bee9284ac141fbd33/numpy-2.1.3-cp312-cp312-macosx_14_0_arm64.whl", hash = "sha256:a6b46587b14b888e95e4a24d7b13ae91fa22386c199ee7b418f449032b2fa3b8", size = 5090249, upload-time = "2024-11-02T17:37:54.252Z" },
    { url = "https://files.pythonhosted.org/packages/c1/67/4aa00316b3b981a822c7a239d3a8135be2a6945d1fd11d0efb25d361711a/numpy-2.1.3-cp312-cp312-macosx_14_0_x86_64.whl", hash = "sha256:0fa14563cc46422e99daef53d725d0c326e99e468a9320a240affffe87852564", size = 6621704, upload-time = "2024-11-02T17:38:05.127Z" },
    { url = "https://files.pythonhosted.org/packages/5e/da/1a429ae58b3b6c364eeec93bf044c532f2ff7b48a52e41050896cf15d5b1/numpy-2.1.3-cp312-cp312-manylinux_2_17_aarch64.manylinux2014_aarch64.whl", hash = "sha256:8637dcd2caa676e475503d1f8fdb327bc495554e10838019651b76d17b98e512", size = 13606089, upload-time = "2024-11-02T17:38:25.997Z" },
    { url = "https://files.pythonhosted.org/packages/9e/3e/3757f304c704f2f0294a6b8340fcf2be244038be07da4cccf390fa678a9f/numpy-2.1.3-cp312-cp312-manylinux_2_17_x86_64.manylinux2014_x86_64.whl", hash = "sha256:2312b2aa89e1f43ecea6da6ea9a810d06aae08321609d8dc0d0eda6d946a541b", size = 16043185, upload-time = "2024-11-02T17:38:51.07Z" },
    { url = "https://files.pythonhosted.org/packages/43/97/75329c28fea3113d00c8d2daf9bc5828d58d78ed661d8e05e234f86f0f6d/numpy-2.1.3-cp312-cp312-musllinux_1_1_x86_64.whl", hash = "sha256:a38c19106902bb19351b83802531fea19dee18e5b37b36454f27f11ff956f7fc", size = 16410751, upload-time = "2024-11-02T17:39:15.801Z" },
    { url = "https://files.pythonhosted.org/packages/ad/7a/442965e98b34e0ae9da319f075b387bcb9a1e0658276cc63adb8c9686f7b/numpy-2.1.3-cp312-cp312-musllinux_1_2_aarch64.whl", hash = "sha256:02135ade8b8a84011cbb67dc44e07c58f28575cf9ecf8ab304e51c05528c19f0", size = 14082705, upload-time = "2024-11-02T17:39:38.274Z" },
    { url = "https://files.pythonhosted.org/packages/ac/b6/26108cf2cfa5c7e03fb969b595c93131eab4a399762b51ce9ebec2332e80/numpy-2.1.3-cp312-cp312-win32.whl", hash = "sha256:e6988e90fcf617da2b5c78902fe8e668361b43b4fe26dbf2d7b0f8034d4cafb9", size = 6239077, upload-time = "2024-11-02T17:39:49.299Z" },
    { url = "https://files.pythonhosted.org/packages/a6/84/fa11dad3404b7634aaab50733581ce11e5350383311ea7a7010f464c0170/numpy-2.1.3-cp312-cp312-win_amd64.whl", hash = "sha256:0d30c543f02e84e92c4b1f415b7c6b5326cbe45ee7882b6b77db7195fb971e3a", size = 12566858, upload-time = "2024-11-02T17:40:08.851Z" },
    { url = "https://files.pythonhosted.org/packages/4d/0b/620591441457e25f3404c8057eb924d04f161244cb8a3680d529419aa86e/numpy-2.1.3-cp313-cp313-macosx_10_13_x86_64.whl", hash = "sha256:96fe52fcdb9345b7cd82ecd34547fca4321f7656d500eca497eb7ea5a926692f", size = 20836263, upload-time = "2024-11-02T17:40:39.528Z" },
    { url = "https://files.pythonhosted.org/packages/45/e1/210b2d8b31ce9119145433e6ea78046e30771de3fe353f313b2778142f34/numpy-2.1.3-cp313-cp313-macosx_11_0_arm64.whl", hash = "sha256:f653490b33e9c3a4c1c01d41bc2aef08f9475af51146e4a7710c450cf9761598", size = 13507771, upload-time = "2024-11-02T17:41:01.368Z" },
    { url = "https://files.pythonhosted.org/packages/55/44/aa9ee3caee02fa5a45f2c3b95cafe59c44e4b278fbbf895a93e88b308555/numpy-2.1.3-cp313-cp313-macosx_14_0_arm64.whl", hash = "sha256:dc258a761a16daa791081d026f0ed4399b582712e6fc887a95af09df10c5ca57", size = 5075805, upload-time = "2024-11-02T17:41:11.213Z" },
    { url = "https://files.pythonhosted.org/packages/78/d6/61de6e7e31915ba4d87bbe1ae859e83e6582ea14c6add07c8f7eefd8488f/numpy-2.1.3-cp313-cp313-macosx_14_0_x86_64.whl", hash = "sha256:016d0f6f5e77b0f0d45d77387ffa4bb89816b57c835580c3ce8e099ef830befe", size = 6608380, upload-time = "2024-11-02T17:41:22.19Z" },
    { url = "https://files.pythonhosted.org/packages/3e/46/48bdf9b7241e317e6cf94276fe11ba673c06d1fdf115d8b4ebf616affd1a/numpy-2.1.3-cp313-cp313-manylinux_2_17_aarch64.manylinux2014_aarch64.whl", hash = "sha256:c181ba05ce8299c7aa3125c27b9c2167bca4a4445b7ce73d5febc411ca692e43", size = 13602451, upload-time = "2024-11-02T17:41:43.094Z" },
    { url = "https://files.pythonhosted.org/packages/70/50/73f9a5aa0810cdccda9c1d20be3cbe4a4d6ea6bfd6931464a44c95eef731/numpy-2.1.3-cp313-cp313-manylinux_2_17_x86_64.manylinux2014_x86_64.whl", hash = "sha256:5641516794ca9e5f8a4d17bb45446998c6554704d888f86df9b200e66bdcce56", size = 16039822, upload-time = "2024-11-02T17:42:07.595Z" },
    { url = "https://files.pythonhosted.org/packages/ad/cd/098bc1d5a5bc5307cfc65ee9369d0ca658ed88fbd7307b0d49fab6ca5fa5/numpy-2.1.3-cp313-cp313-musllinux_1_1_x86_64.whl", hash = "sha256:ea4dedd6e394a9c180b33c2c872b92f7ce0f8e7ad93e9585312b0c5a04777a4a", size = 16411822, upload-time = "2024-11-02T17:42:32.48Z" },
    { url = "https://files.pythonhosted.org/packages/83/a2/7d4467a2a6d984549053b37945620209e702cf96a8bc658bc04bba13c9e2/numpy-2.1.3-cp313-cp313-musllinux_1_2_aarch64.whl", hash = "sha256:b0df3635b9c8ef48bd3be5f862cf71b0a4716fa0e702155c45067c6b711ddcef", size = 14079598, upload-time = "2024-11-02T17:42:53.773Z" },
    { url = "https://files.pythonhosted.org/packages/e9/6a/d64514dcecb2ee70bfdfad10c42b76cab657e7ee31944ff7a600f141d9e9/numpy-2.1.3-cp313-cp313-win32.whl", hash = "sha256:50ca6aba6e163363f132b5c101ba078b8cbd3fa92c7865fd7d4d62d9779ac29f", size = 6236021, upload-time = "2024-11-02T17:46:19.171Z" },
    { url = "https://files.pythonhosted.org/packages/bb/f9/12297ed8d8301a401e7d8eb6b418d32547f1d700ed3c038d325a605421a4/numpy-2.1.3-cp313-cp313-win_amd64.whl", hash = "sha256:747641635d3d44bcb380d950679462fae44f54b131be347d5ec2bce47d3df9ed", size = 12560405, upload-time = "2024-11-02T17:46:38.177Z" },
    { url = "https://files.pythonhosted.org/packages/a7/45/7f9244cd792e163b334e3a7f02dff1239d2890b6f37ebf9e82cbe17debc0/numpy-2.1.3-cp313-cp313t-macosx_10_13_x86_64.whl", hash = "sha256:996bb9399059c5b82f76b53ff8bb686069c05acc94656bb259b1d63d04a9506f", size = 20859062, upload-time = "2024-11-02T17:43:24.599Z" },
    { url = "https://files.pythonhosted.org/packages/b1/b4/a084218e7e92b506d634105b13e27a3a6645312b93e1c699cc9025adb0e1/numpy-2.1.3-cp313-cp313t-macosx_11_0_arm64.whl", hash = "sha256:45966d859916ad02b779706bb43b954281db43e185015df6eb3323120188f9e4", size = 13515839, upload-time = "2024-11-02T17:43:45.498Z" },
    { url = "https://files.pythonhosted.org/packages/27/45/58ed3f88028dcf80e6ea580311dc3edefdd94248f5770deb980500ef85dd/numpy-2.1.3-cp313-cp313t-macosx_14_0_arm64.whl", hash = "sha256:baed7e8d7481bfe0874b566850cb0b85243e982388b7b23348c6db2ee2b2ae8e", size = 5116031, upload-time = "2024-11-02T17:43:54.585Z" },
    { url = "https://files.pythonhosted.org/packages/37/a8/eb689432eb977d83229094b58b0f53249d2209742f7de529c49d61a124a0/numpy-2.1.3-cp313-cp313t-macosx_14_0_x86_64.whl", hash = "sha256:a9f7f672a3388133335589cfca93ed468509cb7b93ba3105fce780d04a6576a0", size = 6629977, upload-time = "2024-11-02T17:44:05.31Z" },
    { url = "https://files.pythonhosted.org/packages/42/a3/5355ad51ac73c23334c7caaed01adadfda49544f646fcbfbb4331deb267b/numpy-2.1.3-cp313-cp313t-manylinux_2_17_aarch64.manylinux2014_aarch64.whl", hash = "sha256:d7aac50327da5d208db2eec22eb11e491e3fe13d22653dce51b0f4109101b408", size = 13575951, upload-time = "2024-11-02T17:44:25.881Z" },
    { url = "https://files.pythonhosted.org/packages/c4/70/ea9646d203104e647988cb7d7279f135257a6b7e3354ea6c56f8bafdb095/numpy-2.1.3-cp313-cp313t-manylinux_2_17_x86_64.manylinux2014_x86_64.whl", hash = "sha256:4394bc0dbd074b7f9b52024832d16e019decebf86caf909d94f6b3f77a8ee3b6", size = 16022655, upload-time = "2024-11-02T17:44:50.115Z" },
    { url = "https://files.pythonhosted.org/packages/14/ce/7fc0612903e91ff9d0b3f2eda4e18ef9904814afcae5b0f08edb7f637883/numpy-2.1.3-cp313-cp313t-musllinux_1_1_x86_64.whl", hash = "sha256:50d18c4358a0a8a53f12a8ba9d772ab2d460321e6a93d6064fc22443d189853f", size = 16399902, upload-time = "2024-11-02T17:45:15.685Z" },
    { url = "https://files.pythonhosted.org/packages/ef/62/1d3204313357591c913c32132a28f09a26357e33ea3c4e2fe81269e0dca1/numpy-2.1.3-cp313-cp313t-musllinux_1_2_aarch64.whl", hash = "sha256:14e253bd43fc6b37af4921b10f6add6925878a42a0c5fe83daee390bca80bc17", size = 14067180, upload-time = "2024-11-02T17:45:37.234Z" },
    { url = "https://files.pythonhosted.org/packages/24/d7/78a40ed1d80e23a774cb8a34ae8a9493ba1b4271dde96e56ccdbab1620ef/numpy-2.1.3-cp313-cp313t-win32.whl", hash = "sha256:08788d27a5fd867a663f6fc753fd7c3ad7e92747efc73c53bca2f19f8bc06f48", size = 6291907, upload-time = "2024-11-02T17:45:48.951Z" },
    { url = "https://files.pythonhosted.org/packages/86/09/a5ab407bd7f5f5599e6a9261f964ace03a73e7c6928de906981c31c38082/numpy-2.1.3-cp313-cp313t-win_amd64.whl", hash = "sha256:2564fbdf2b99b3f815f2107c1bbc93e2de8ee655a69c261363a1172a79a257d4", size = 12644098, upload-time = "2024-11-02T17:46:07.941Z" },
    { url = "https://files.pythonhosted.org/packages/00/e7/8d8bb791b62586cc432ecbb70632b4f23b7b7c88df41878de7528264f6d7/numpy-2.1.3-pp310-pypy310_pp73-macosx_10_15_x86_64.whl", hash = "sha256:4f2015dfe437dfebbfce7c85c7b53d81ba49e71ba7eadbf1df40c915af75979f", size = 20983893, upload-time = "2024-11-02T17:47:09.365Z" },
    { url = "https://files.pythonhosted.org/packages/5e/f3/cb8118a044b5007586245a650360c9f5915b2f4232dd7658bb7a63dd1d02/numpy-2.1.3-pp310-pypy310_pp73-macosx_14_0_x86_64.whl", hash = "sha256:3522b0dfe983a575e6a9ab3a4a4dfe156c3e428468ff08ce582b9bb6bd1d71d4", size = 6752501, upload-time = "2024-11-02T17:47:21.52Z" },
    { url = "https://files.pythonhosted.org/packages/53/f5/365b46439b518d2ec6ebb880cc0edf90f225145dfd4db7958334f7164530/numpy-2.1.3-pp310-pypy310_pp73-manylinux_2_17_x86_64.manylinux2014_x86_64.whl", hash = "sha256:c006b607a865b07cd981ccb218a04fc86b600411d83d6fc261357f1c0966755d", size = 16142601, upload-time = "2024-11-02T17:47:45.575Z" },
    { url = "https://files.pythonhosted.org/packages/03/c2/d1fee6ba999aa7cd41ca6856937f2baaf604c3eec1565eae63451ec31e5e/numpy-2.1.3-pp310-pypy310_pp73-win_amd64.whl", hash = "sha256:e14e26956e6f1696070788252dcdff11b4aca4c3e8bd166e0df1bb8f315a67cb", size = 12771397, upload-time = "2024-11-02T17:48:05.988Z" },
]

[[package]]
name = "opencv-python"
version = "4.12.0.88"
source = { registry = "https://pypi.org/simple" }
dependencies = [
    { name = "numpy" },
]
sdist = { url = "https://files.pythonhosted.org/packages/ac/71/25c98e634b6bdeca4727c7f6d6927b056080668c5008ad3c8fc9e7f8f6ec/opencv-python-4.12.0.88.tar.gz", hash = "sha256:8b738389cede219405f6f3880b851efa3415ccd674752219377353f017d2994d", size = 95373294, upload-time = "2025-07-07T09:20:52.389Z" }
wheels = [
    { url = "https://files.pythonhosted.org/packages/85/68/3da40142e7c21e9b1d4e7ddd6c58738feb013203e6e4b803d62cdd9eb96b/opencv_python-4.12.0.88-cp37-abi3-macosx_13_0_arm64.whl", hash = "sha256:f9a1f08883257b95a5764bf517a32d75aec325319c8ed0f89739a57fae9e92a5", size = 37877727, upload-time = "2025-07-07T09:13:31.47Z" },
    { url = "https://files.pythonhosted.org/packages/33/7c/042abe49f58d6ee7e1028eefc3334d98ca69b030e3b567fe245a2b28ea6f/opencv_python-4.12.0.88-cp37-abi3-macosx_13_0_x86_64.whl", hash = "sha256:812eb116ad2b4de43ee116fcd8991c3a687f099ada0b04e68f64899c09448e81", size = 57326471, upload-time = "2025-07-07T09:13:41.26Z" },
    { url = "https://files.pythonhosted.org/packages/62/3a/440bd64736cf8116f01f3b7f9f2e111afb2e02beb2ccc08a6458114a6b5d/opencv_python-4.12.0.88-cp37-abi3-manylinux2014_aarch64.manylinux_2_17_aarch64.whl", hash = "sha256:51fd981c7df6af3e8f70b1556696b05224c4e6b6777bdd2a46b3d4fb09de1a92", size = 45887139, upload-time = "2025-07-07T09:13:50.761Z" },
    { url = "https://files.pythonhosted.org/packages/68/1f/795e7f4aa2eacc59afa4fb61a2e35e510d06414dd5a802b51a012d691b37/opencv_python-4.12.0.88-cp37-abi3-manylinux2014_x86_64.manylinux_2_17_x86_64.whl", hash = "sha256:092c16da4c5a163a818f120c22c5e4a2f96e0db4f24e659c701f1fe629a690f9", size = 67041680, upload-time = "2025-07-07T09:14:01.995Z" },
    { url = "https://files.pythonhosted.org/packages/02/96/213fea371d3cb2f1d537612a105792aa0a6659fb2665b22cad709a75bd94/opencv_python-4.12.0.88-cp37-abi3-win32.whl", hash = "sha256:ff554d3f725b39878ac6a2e1fa232ec509c36130927afc18a1719ebf4fbf4357", size = 30284131, upload-time = "2025-07-07T09:14:08.819Z" },
    { url = "https://files.pythonhosted.org/packages/fa/80/eb88edc2e2b11cd2dd2e56f1c80b5784d11d6e6b7f04a1145df64df40065/opencv_python-4.12.0.88-cp37-abi3-win_amd64.whl", hash = "sha256:d98edb20aa932fd8ebd276a72627dad9dc097695b3d435a4257557bbb49a79d2", size = 39000307, upload-time = "2025-07-07T09:14:16.641Z" },
]

[[package]]
name = "run-movenet"
version = "0.1.0"
source = { virtual = "." }
dependencies = [
    { name = "cmake" },
    { name = "numpy" },
    { name = "opencv-python" },
]

[package.metadata]
requires-dist = [
    { name = "cmake", specifier = ">=4.0.3" },
    { name = "numpy", specifier = "==2.1.3" },
    { name = "opencv-python", specifier = ">=4.12.0.88" },
]
